
Microsoft Visual Studio Solution File, Format Version 12.00
# Visual Studio Version 16
VisualStudioVersion = 16.0.31005.135
MinimumVisualStudioVersion = 10.0.40219.1
Project("{FAE04EC0-301F-11D3-BF4B-00C04F79EFBC}") = "TesteAilos", "TesteAilos\TesteAilos.csproj", "{7FBE0152-493E-45DD-84F3-B0523B9DFEC9}"
EndProject
Global
	GlobalSection(SolutionConfigurationPlatforms) = preSolution
		Debug|Any CPU = Debug|Any CPU
		Release|Any CPU = Release|Any CPU
	EndGlobalSection
	GlobalSection(ProjectConfigurationPlatforms) = postSolution
		{7FBE0152-493E-45DD-84F3-B0523B9DFEC9}.Debug|Any CPU.ActiveCfg = Debug|Any CPU
		{7FBE0152-493E-45DD-84F3-B0523B9DFEC9}.Debug|Any CPU.Build.0 = Debug|Any CPU
		{7FBE0152-493E-45DD-84F3-B0523B9DFEC9}.Release|Any CPU.ActiveCfg = Release|Any CPU
		{7FBE0152-493E-45DD-84F3-B0523B9DFEC9}.Release|Any CPU.Build.0 = Release|Any CPU
	EndGlobalSection
	GlobalSection(SolutionProperties) = preSolution
		HideSolutionNode = FALSE
	EndGlobalSection
	GlobalSection(ExtensibilityGlobals) = postSolution
		SolutionGuid = {446455C6-0CC0-400D-9FCA-5B1BC9BB95ED}
	EndGlobalSection
EndGlobal
